
Microsoft Visual Studio Solution File, Format Version 12.00
# Visual Studio Version 17
VisualStudioVersion = 17.9.34616.47
MinimumVisualStudioVersion = 10.0.40219.1
Project("{8BC9CEB8-8B4A-11D0-8D11-00A0C91BC942}") = "第一个项目", "第一个项目\第一个项目.vcxproj", "{D9B48479-99B4-4DC6-82CF-3AC3EA0F5A18}"
EndProject
Project("{8BC9CEB8-8B4A-11D0-8D11-00A0C91BC942}") = "第二个项目", "第二个项目\第二个项目.vcxproj", "{FA603FF4-D828-4A78-A8E9-D44B792C6E3E}"
EndProject
Global
	GlobalSection(SolutionConfigurationPlatforms) = preSolution
		Debug|x64 = Debug|x64
		Debug|x86 = Debug|x86
		Release|x64 = Release|x64
		Release|x86 = Release|x86
	EndGlobalSection
	GlobalSection(ProjectConfigurationPlatforms) = postSolution
		{D9B48479-99B4-4DC6-82CF-3AC3EA0F5A18}.Debug|x64.ActiveCfg = Debug|x64
		{D9B48479-99B4-4DC6-82CF-3AC3EA0F5A18}.Debug|x64.Build.0 = Debug|x64
		{D9B48479-99B4-4DC6-82CF-3AC3EA0F5A18}.Debug|x86.ActiveCfg = Debug|Win32
		{D9B48479-99B4-4DC6-82CF-3AC3EA0F5A18}.Debug|x86.Build.0 = Debug|Win32
		{D9B48479-99B4-4DC6-82CF-3AC3EA0F5A18}.Release|x64.ActiveCfg = Release|x64
		{D9B48479-99B4-4DC6-82CF-3AC3EA0F5A18}.Release|x64.Build.0 = Release|x64
		{D9B48479-99B4-4DC6-82CF-3AC3EA0F5A18}.Release|x86.ActiveCfg = Release|Win32
		{D9B48479-99B4-4DC6-82CF-3AC3EA0F5A18}.Release|x86.Build.0 = Release|Win32
		{FA603FF4-D828-4A78-A8E9-D44B792C6E3E}.Debug|x64.ActiveCfg = Debug|x64
		{FA603FF4-D828-4A78-A8E9-D44B792C6E3E}.Debug|x64.Build.0 = Debug|x64
		{FA603FF4-D828-4A78-A8E9-D44B792C6E3E}.Debug|x86.ActiveCfg = Debug|Win32
		{FA603FF4-D828-4A78-A8E9-D44B792C6E3E}.Debug|x86.Build.0 = Debug|Win32
		{FA603FF4-D828-4A78-A8E9-D44B792C6E3E}.Release|x64.ActiveCfg = Release|x64
		{FA603FF4-D828-4A78-A8E9-D44B792C6E3E}.Release|x64.Build.0 = Release|x64
		{FA603FF4-D828-4A78-A8E9-D44B792C6E3E}.Release|x86.ActiveCfg = Release|Win32
		{FA603FF4-D828-4A78-A8E9-D44B792C6E3E}.Release|x86.Build.0 = Release|Win32
	EndGlobalSection
	GlobalSection(SolutionProperties) = preSolution
		HideSolutionNode = FALSE
	EndGlobalSection
	GlobalSection(ExtensibilityGlobals) = postSolution
		SolutionGuid = {84F420C5-2BA4-4BE9-91E9-C4C3F34F5318}
	EndGlobalSection
EndGlobal
